
Microsoft Visual Studio Solution File, Format Version 12.00
# Visual Studio Version 16
VisualStudioVersion = 16.0.29306.81
MinimumVisualStudioVersion = 10.0.40219.1
Project("{FAE04EC0-301F-11D3-BF4B-00C04F79EFBC}") = "WebApplication2", "WebApplication2\WebApplication2.csproj", "{884B414C-9488-44A2-AD68-734C11799850}"
EndProject
Global
	GlobalSection(SolutionConfigurationPlatforms) = preSolution
		Debug|Any CPU = Debug|Any CPU
		Release|Any CPU = Release|Any CPU
	EndGlobalSection
	GlobalSection(ProjectConfigurationPlatforms) = postSolution
		{884B414C-9488-44A2-AD68-734C11799850}.Debug|Any CPU.ActiveCfg = Debug|Any CPU
		{884B414C-9488-44A2-AD68-734C11799850}.Debug|Any CPU.Build.0 = Debug|Any CPU
		{884B414C-9488-44A2-AD68-734C11799850}.Release|Any CPU.ActiveCfg = Release|Any CPU
		{884B414C-9488-44A2-AD68-734C11799850}.Release|Any CPU.Build.0 = Release|Any CPU
	EndGlobalSection
	GlobalSection(SolutionProperties) = preSolution
		HideSolutionNode = FALSE
	EndGlobalSection
	GlobalSection(ExtensibilityGlobals) = postSolution
		SolutionGuid = {8BE26AB6-3658-456F-9C9A-D8A3879837A1}
	EndGlobalSection
EndGlobal
